{
  "nodes": {
    "nixpkgs": {
      "locked": {
        "lastModified": 1721949857,
        "narHash": "sha256-DID446r8KsmJhbCzx4el8d9SnPiE8qa6+eEQOJ40vR0=",
        "owner": "NixOS",
        "repo": "nixpkgs",
        "rev": "a1cc729dcbc31d9b0d11d86dc7436163548a9665",
        "type": "github"
      },
      "original": {
        "owner": "NixOS",
        "ref": "nixos-24.05",
        "repo": "nixpkgs",
        "type": "github"
      }
    },
    "root": {
      "inputs": {
        "nixpkgs": "nixpkgs",
        "unstable": "unstable"
      }
    },
    "unstable": {
      "locked": {
        "lastModified": 1721933792,
        "narHash": "sha256-zYVwABlQnxpbaHMfX6Wt9jhyQstFYwN2XjleOJV3VVg=",
        "owner": "NixOS",
        "repo": "nixpkgs",
        "rev": "2122a9b35b35719ad9a395fe783eabb092df01b1",
        "type": "github"
      },
      "original": {
        "owner": "NixOS",
        "ref": "nixpkgs-unstable",
        "repo": "nixpkgs",
        "type": "github"
      }
    }
  },
  "root": "root",
  "version": 7
}
